// !$*UTF8*$!
{
	archiveVersion = 1;
	classes = {
	};
	objectVersion = 46;
	objects = {

/* Begin PBXBuildFile section */
		03B737191915C7DF0038B447 /* Block.m in Sources */ = {isa = PBXBuildFile; fileRef = 03B737181915C7DF0038B447 /* Block.m */; };
		03B7371B1915DC4D0038B447 /* Explosion.sks in Resources */ = {isa = PBXBuildFile; fileRef = 03B7371A1915DC4D0038B447 /* Explosion.sks */; };
		03B7371D1915DC930038B447 /* a.png in Resources */ = {isa = PBXBuildFile; fileRef = 03B7371C1915DC930038B447 /* a.png */; };
		03F809151915BD5F005D3905 /* SpriteSuper.m in Sources */ = {isa = PBXBuildFile; fileRef = 03F809141915BD5F005D3905 /* SpriteSuper.m */; };
		F7038CC119132E130023ECDE /* Foundation.framework in Frameworks */ = {isa = PBXBuildFile; fileRef = F7038CC019132E130023ECDE /* Foundation.framework */; };
		F7038CC319132E130023ECDE /* CoreGraphics.framework in Frameworks */ = {isa = PBXBuildFile; fileRef = F7038CC219132E130023ECDE /* CoreGraphics.framework */; };
		F7038CC519132E130023ECDE /* UIKit.framework in Frameworks */ = {isa = PBXBuildFile; fileRef = F7038CC419132E130023ECDE /* UIKit.framework */; };
		F7038CC719132E130023ECDE /* SpriteKit.framework in Frameworks */ = {isa = PBXBuildFile; fileRef = F7038CC619132E130023ECDE /* SpriteKit.framework */; };
		F7038CCD19132E130023ECDE /* InfoPlist.strings in Resources */ = {isa = PBXBuildFile; fileRef = F7038CCB19132E130023ECDE /* InfoPlist.strings */; };
		F7038CCF19132E130023ECDE /* main.m in Sources */ = {isa = PBXBuildFile; fileRef = F7038CCE19132E130023ECDE /* main.m */; };
		F7038CD319132E130023ECDE /* SKPAppDelegate.m in Sources */ = {isa = PBXBuildFile; fileRef = F7038CD219132E130023ECDE /* SKPAppDelegate.m */; };
		F7038CD619132E130023ECDE /* Main_iPhone.storyboard in Resources */ = {isa = PBXBuildFile; fileRef = F7038CD419132E130023ECDE /* Main_iPhone.storyboard */; };
		F7038CD919132E130023ECDE /* Main_iPad.storyboard in Resources */ = {isa = PBXBuildFile; fileRef = F7038CD719132E130023ECDE /* Main_iPad.storyboard */; };
		F7038CDC19132E130023ECDE /* SKPViewController.m in Sources */ = {isa = PBXBuildFile; fileRef = F7038CDB19132E130023ECDE /* SKPViewController.m */; };
		F7038CDF19132E130023ECDE /* SKPMyScene.m in Sources */ = {isa = PBXBuildFile; fileRef = F7038CDE19132E130023ECDE /* SKPMyScene.m */; };
		F7038CE319132E130023ECDE /* Images.xcassets in Resources */ = {isa = PBXBuildFile; fileRef = F7038CE219132E130023ECDE /* Images.xcassets */; };
		F7038CEA19132E130023ECDE /* XCTest.framework in Frameworks */ = {isa = PBXBuildFile; fileRef = F7038CE919132E130023ECDE /* XCTest.framework */; };
		F7038CEB19132E130023ECDE /* Foundation.framework in Frameworks */ = {isa = PBXBuildFile; fileRef = F7038CC019132E130023ECDE /* Foundation.framework */; };
		F7038CEC19132E130023ECDE /* UIKit.framework in Frameworks */ = {isa = PBXBuildFile; fileRef = F7038CC419132E130023ECDE /* UIKit.framework */; };
		F7038CF419132E130023ECDE /* InfoPlist.strings in Resources */ = {isa = PBXBuildFile; fileRef = F7038CF219132E130023ECDE /* InfoPlist.strings */; };
		F7038CF619132E130023ECDE /* SHIV_IOS2014Tests.m in Sources */ = {isa = PBXBuildFile; fileRef = F7038CF519132E130023ECDE /* SHIV_IOS2014Tests.m */; };
/* End PBXBuildFile section */

/* Begin PBXContainerItemProxy section */
		F7038CED19132E130023ECDE /* PBXContainerItemProxy */ = {
			isa = PBXContainerItemProxy;
			containerPortal = F7038CB519132E130023ECDE /* Project object */;
			proxyType = 1;
			remoteGlobalIDString = F7038CBC19132E130023ECDE;
			remoteInfo = "SHIV-IOS2014";
		};
/* End PBXContainerItemProxy section */

/* Begin PBXFileReference section */
		03B737171915C7DF0038B447 /* Block.h */ = {isa = PBXFileReference; fileEncoding = 4; lastKnownFileType = sourcecode.c.h; path = Block.h; sourceTree = "<group>"; };
		03B737181915C7DF0038B447 /* Block.m */ = {isa = PBXFileReference; fileEncoding = 4; lastKnownFileType = sourcecode.c.objc; path = Block.m; sourceTree = "<group>"; };
		03B7371A1915DC4D0038B447 /* Explosion.sks */ = {isa = PBXFileReference; lastKnownFileType = file.sks; path = Explosion.sks; sourceTree = SOURCE_ROOT; };
		03B7371C1915DC930038B447 /* a.png */ = {isa = PBXFileReference; lastKnownFileType = image.png; name = a.png; path = ../../../../Desktop/a.png; sourceTree = "<group>"; };
		03F809131915BD5F005D3905 /* SpriteSuper.h */ = {isa = PBXFileReference; fileEncoding = 4; lastKnownFileType = sourcecode.c.h; name = SpriteSuper.h; path = ../SpriteSuper.h; sourceTree = "<group>"; };
		03F809141915BD5F005D3905 /* SpriteSuper.m */ = {isa = PBXFileReference; fileEncoding = 4; lastKnownFileType = sourcecode.c.objc; name = SpriteSuper.m; path = ../SpriteSuper.m; sourceTree = "<group>"; };
		F7038CBD19132E130023ECDE /* SHIV-IOS2014.app */ = {isa = PBXFileReference; explicitFileType = wrapper.application; includeInIndex = 0; path = "SHIV-IOS2014.app"; sourceTree = BUILT_PRODUCTS_DIR; };
		F7038CC019132E130023ECDE /* Foundation.framework */ = {isa = PBXFileReference; lastKnownFileType = wrapper.framework; name = Foundation.framework; path = System/Library/Frameworks/Foundation.framework; sourceTree = SDKROOT; };
		F7038CC219132E130023ECDE /* CoreGraphics.framework */ = {isa = PBXFileReference; lastKnownFileType = wrapper.framework; name = CoreGraphics.framework; path = System/Library/Frameworks/CoreGraphics.framework; sourceTree = SDKROOT; };
		F7038CC419132E130023ECDE /* UIKit.framework */ = {isa = PBXFileReference; lastKnownFileType = wrapper.framework; name = UIKit.framework; path = System/Library/Frameworks/UIKit.framework; sourceTree = SDKROOT; };
		F7038CC619132E130023ECDE /* SpriteKit.framework */ = {isa = PBXFileReference; lastKnownFileType = wrapper.framework; name = SpriteKit.framework; path = System/Library/Frameworks/SpriteKit.framework; sourceTree = SDKROOT; };
		F7038CCA19132E130023ECDE /* SHIV-IOS2014-Info.plist */ = {isa = PBXFileReference; lastKnownFileType = text.plist.xml; path = "SHIV-IOS2014-Info.plist"; sourceTree = "<group>"; };
		F7038CCC19132E130023ECDE /* en */ = {isa = PBXFileReference; lastKnownFileType = text.plist.strings; name = en; path = en.lproj/InfoPlist.strings; sourceTree = "<group>"; };
		F7038CCE19132E130023ECDE /* main.m */ = {isa = PBXFileReference; lastKnownFileType = sourcecode.c.objc; path = main.m; sourceTree = "<group>"; };
		F7038CD019132E130023ECDE /* SHIV-IOS2014-Prefix.pch */ = {isa = PBXFileReference; lastKnownFileType = sourcecode.c.h; path = "SHIV-IOS2014-Prefix.pch"; sourceTree = "<group>"; };
		F7038CD119132E130023ECDE /* SKPAppDelegate.h */ = {isa = PBXFileReference; lastKnownFileType = sourcecode.c.h; path = SKPAppDelegate.h; sourceTree = "<group>"; };
		F7038CD219132E130023ECDE /* SKPAppDelegate.m */ = {isa = PBXFileReference; lastKnownFileType = sourcecode.c.objc; path = SKPAppDelegate.m; sourceTree = "<group>"; };
		F7038CD519132E130023ECDE /* Base */ = {isa = PBXFileReference; lastKnownFileType = file.storyboard; name = Base; path = Base.lproj/Main_iPhone.storyboard; sourceTree = "<group>"; };
		F7038CD819132E130023ECDE /* Base */ = {isa = PBXFileReference; lastKnownFileType = file.storyboard; name = Base; path = Base.lproj/Main_iPad.storyboard; sourceTree = "<group>"; };
		F7038CDA19132E130023ECDE /* SKPViewController.h */ = {isa = PBXFileReference; lastKnownFileType = sourcecode.c.h; path = SKPViewController.h; sourceTree = "<group>"; };
		F7038CDB19132E130023ECDE /* SKPViewController.m */ = {isa = PBXFileReference; lastKnownFileType = sourcecode.c.objc; path = SKPViewController.m; sourceTree = "<group>"; };
		F7038CDD19132E130023ECDE /* SKPMyScene.h */ = {isa = PBXFileReference; lastKnownFileType = sourcecode.c.h; path = SKPMyScene.h; sourceTree = "<group>"; };
		F7038CDE19132E130023ECDE /* SKPMyScene.m */ = {isa = PBXFileReference; lastKnownFileType = sourcecode.c.objc; path = SKPMyScene.m; sourceTree = "<group>"; };
		F7038CE219132E130023ECDE /* Images.xcassets */ = {isa = PBXFileReference; lastKnownFileType = folder.assetcatalog; path = Images.xcassets; sourceTree = "<group>"; };
		F7038CE819132E130023ECDE /* SHIV-IOS2014Tests.xctest */ = {isa = PBXFileReference; explicitFileType = wrapper.cfbundle; includeInIndex = 0; path = "SHIV-IOS2014Tests.xctest"; sourceTree = BUILT_PRODUCTS_DIR; };
		F7038CE919132E130023ECDE /* XCTest.framework */ = {isa = PBXFileReference; lastKnownFileType = wrapper.framework; name = XCTest.framework; path = Library/Frameworks/XCTest.framework; sourceTree = DEVELOPER_DIR; };
		F7038CF119132E130023ECDE /* SHIV-IOS2014Tests-Info.plist */ = {isa = PBXFileReference; lastKnownFileType = text.plist.xml; path = "SHIV-IOS2014Tests-Info.plist"; sourceTree = "<group>"; };
		F7038CF319132E130023ECDE /* en */ = {isa = PBXFileReference; lastKnownFileType = text.plist.strings; name = en; path = en.lproj/InfoPlist.strings; sourceTree = "<group>"; };
		F7038CF519132E130023ECDE /* SHIV_IOS2014Tests.m */ = {isa = PBXFileReference; lastKnownFileType = sourcecode.c.objc; path = SHIV_IOS2014Tests.m; sourceTree = "<group>"; };
/* End PBXFileReference section */

/* Begin PBXFrameworksBuildPhase section */
		F7038CBA19132E130023ECDE /* Frameworks */ = {
			isa = PBXFrameworksBuildPhase;
			buildActionMask = 2147483647;
			files = (
				F7038CC319132E130023ECDE /* CoreGraphics.framework in Frameworks */,
				F7038CC519132E130023ECDE /* UIKit.framework in Frameworks */,
				F7038CC719132E130023ECDE /* SpriteKit.framework in Frameworks */,
				F7038CC119132E130023ECDE /* Foundation.framework in Frameworks */,
			);
			runOnlyForDeploymentPostprocessing = 0;
		};
		F7038CE519132E130023ECDE /* Frameworks */ = {
			isa = PBXFrameworksBuildPhase;
			buildActionMask = 2147483647;
			files = (
				F7038CEA19132E130023ECDE /* XCTest.framework in Frameworks */,
				F7038CEC19132E130023ECDE /* UIKit.framework in Frameworks */,
				F7038CEB19132E130023ECDE /* Foundation.framework in Frameworks */,
			);
			runOnlyForDeploymentPostprocessing = 0;
		};
/* End PBXFrameworksBuildPhase section */

/* Begin PBXGroup section */
		03F809161915BD6A005D3905 /* Util */ = {
			isa = PBXGroup;
			children = (
				F7038CDA19132E130023ECDE /* SKPViewController.h */,
				F7038CDB19132E130023ECDE /* SKPViewController.m */,
				F7038CD119132E130023ECDE /* SKPAppDelegate.h */,
				F7038CD219132E130023ECDE /* SKPAppDelegate.m */,
			);
			name = Util;
			sourceTree = "<group>";
		};
		F7038CB419132E130023ECDE = {
			isa = PBXGroup;
			children = (
				F7038CC819132E130023ECDE /* SHIV-IOS2014 */,
				F7038CEF19132E130023ECDE /* SHIV-IOS2014Tests */,
				F7038CBF19132E130023ECDE /* Frameworks */,
				F7038CBE19132E130023ECDE /* Products */,
			);
			sourceTree = "<group>";
		};
		F7038CBE19132E130023ECDE /* Products */ = {
			isa = PBXGroup;
			children = (
				F7038CBD19132E130023ECDE /* SHIV-IOS2014.app */,
				F7038CE819132E130023ECDE /* SHIV-IOS2014Tests.xctest */,
			);
			name = Products;
			sourceTree = "<group>";
		};
		F7038CBF19132E130023ECDE /* Frameworks */ = {
			isa = PBXGroup;
			children = (
				F7038CC019132E130023ECDE /* Foundation.framework */,
				F7038CC219132E130023ECDE /* CoreGraphics.framework */,
				F7038CC419132E130023ECDE /* UIKit.framework */,
				F7038CC619132E130023ECDE /* SpriteKit.framework */,
				F7038CE919132E130023ECDE /* XCTest.framework */,
			);
			name = Frameworks;
			sourceTree = "<group>";
		};
		F7038CC819132E130023ECDE /* SHIV-IOS2014 */ = {
			isa = PBXGroup;
			children = (
				03B7371C1915DC930038B447 /* a.png */,
				03F809161915BD6A005D3905 /* Util */,
				03F809141915BD5F005D3905 /* SpriteSuper.m */,
				03B7371A1915DC4D0038B447 /* Explosion.sks */,
				03F809131915BD5F005D3905 /* SpriteSuper.h */,
				F7038CD419132E130023ECDE /* Main_iPhone.storyboard */,
				F7038CD719132E130023ECDE /* Main_iPad.storyboard */,
				F7038CDD19132E130023ECDE /* SKPMyScene.h */,
				F7038CDE19132E130023ECDE /* SKPMyScene.m */,
				03B737171915C7DF0038B447 /* Block.h */,
				03B737181915C7DF0038B447 /* Block.m */,
				F7038CE219132E130023ECDE /* Images.xcassets */,
				F7038CC919132E130023ECDE /* Supporting Files */,
			);
			path = "SHIV-IOS2014";
			sourceTree = "<group>";
		};
		F7038CC919132E130023ECDE /* Supporting Files */ = {
			isa = PBXGroup;
			children = (
				F7038CCA19132E130023ECDE /* SHIV-IOS2014-Info.plist */,
				F7038CCB19132E130023ECDE /* InfoPlist.strings */,
				F7038CCE19132E130023ECDE /* main.m */,
				F7038CD019132E130023ECDE /* SHIV-IOS2014-Prefix.pch */,
			);
			name = "Supporting Files";
			sourceTree = "<group>";
		};
		F7038CEF19132E130023ECDE /* SHIV-IOS2014Tests */ = {
			isa = PBXGroup;
			children = (
				F7038CF519132E130023ECDE /* SHIV_IOS2014Tests.m */,
				F7038CF019132E130023ECDE /* Supporting Files */,
			);
			path = "SHIV-IOS2014Tests";
			sourceTree = "<group>";
		};
		F7038CF019132E130023ECDE /* Supporting Files */ = {
			isa = PBXGroup;
			children = (
				F7038CF119132E130023ECDE /* SHIV-IOS2014Tests-Info.plist */,
				F7038CF219132E130023ECDE /* InfoPlist.strings */,
			);
			name = "Supporting Files";
			sourceTree = "<group>";
		};
/* End PBXGroup section */

/* Begin PBXNativeTarget section */
		F7038CBC19132E130023ECDE /* SHIV-IOS2014 */ = {
			isa = PBXNativeTarget;
			buildConfigurationList = F7038CF919132E130023ECDE /* Build configuration list for PBXNativeTarget "SHIV-IOS2014" */;
			buildPhases = (
				F7038CB919132E130023ECDE /* Sources */,
				F7038CBA19132E130023ECDE /* Frameworks */,
				F7038CBB19132E130023ECDE /* Resources */,
			);
			buildRules = (
			);
			dependencies = (
			);
			name = "SHIV-IOS2014";
			productName = "SHIV-IOS2014";
			productReference = F7038CBD19132E130023ECDE /* SHIV-IOS2014.app */;
			productType = "com.apple.product-type.application";
		};
		F7038CE719132E130023ECDE /* SHIV-IOS2014Tests */ = {
			isa = PBXNativeTarget;
			buildConfigurationList = F7038CFC19132E130023ECDE /* Build configuration list for PBXNativeTarget "SHIV-IOS2014Tests" */;
			buildPhases = (
				F7038CE419132E130023ECDE /* Sources */,
				F7038CE519132E130023ECDE /* Frameworks */,
				F7038CE619132E130023ECDE /* Resources */,
			);
			buildRules = (
			);
			dependencies = (
				F7038CEE19132E130023ECDE /* PBXTargetDependency */,
			);
			name = "SHIV-IOS2014Tests";
			productName = "SHIV-IOS2014Tests";
			productReference = F7038CE819132E130023ECDE /* SHIV-IOS2014Tests.xctest */;
			productType = "com.apple.product-type.bundle.unit-test";
		};
/* End PBXNativeTarget section */

/* Begin PBXProject section */
		F7038CB519132E130023ECDE /* Project object */ = {
			isa = PBXProject;
			attributes = {
				CLASSPREFIX = SKP;
				LastUpgradeCheck = 0510;
				ORGANIZATIONNAME = "Shiv Pande";
				TargetAttributes = {
					F7038CE719132E130023ECDE = {
						TestTargetID = F7038CBC19132E130023ECDE;
					};
				};
			};
			buildConfigurationList = F7038CB819132E130023ECDE /* Build configuration list for PBXProject "SHIV-IOS2014" */;
			compatibilityVersion = "Xcode 3.2";
			developmentRegion = English;
			hasScannedForEncodings = 0;
			knownRegions = (
				en,
				Base,
			);
			mainGroup = F7038CB419132E130023ECDE;
			productRefGroup = F7038CBE19132E130023ECDE /* Products */;
			projectDirPath = "";
			projectRoot = "";
			targets = (
				F7038CBC19132E130023ECDE /* SHIV-IOS2014 */,
				F7038CE719132E130023ECDE /* SHIV-IOS2014Tests */,
			);
		};
/* End PBXProject section */

/* Begin PBXResourcesBuildPhase section */
		F7038CBB19132E130023ECDE /* Resources */ = {
			isa = PBXResourcesBuildPhase;
			buildActionMask = 2147483647;
			files = (
				F7038CE319132E130023ECDE /* Images.xcassets in Resources */,
				F7038CD919132E130023ECDE /* Main_iPad.storyboard in Resources */,
				03B7371D1915DC930038B447 /* a.png in Resources */,
				03B7371B1915DC4D0038B447 /* Explosion.sks in Resources */,
				F7038CD619132E130023ECDE /* Main_iPhone.storyboard in Resources */,
				F7038CCD19132E130023ECDE /* InfoPlist.strings in Resources */,
			);
			runOnlyForDeploymentPostprocessing = 0;
		};
		F7038CE619132E130023ECDE /* Resources */ = {
			isa = PBXResourcesBuildPhase;
			buildActionMask = 2147483647;
			files = (
				F7038CF419132E130023ECDE /* InfoPlist.strings in Resources */,
			);
			runOnlyForDeploymentPostprocessing = 0;
		};
/* End PBXResourcesBuildPhase section */

/* Begin PBXSourcesBuildPhase section */
		F7038CB919132E130023ECDE /* Sources */ = {
			isa = PBXSourcesBuildPhase;
			buildActionMask = 2147483647;
			files = (
				F7038CCF19132E130023ECDE /* main.m in Sources */,
				F7038CDF19132E130023ECDE /* SKPMyScene.m in Sources */,
				03F809151915BD5F005D3905 /* SpriteSuper.m in Sources */,
				03B737191915C7DF0038B447 /* Block.m in Sources */,
				F7038CDC19132E130023ECDE /* SKPViewController.m in Sources */,
				F7038CD319132E130023ECDE /* SKPAppDelegate.m in Sources */,
			);
			runOnlyForDeploymentPostprocessing = 0;
		};
		F7038CE419132E130023ECDE /* Sources */ = {
			isa = PBXSourcesBuildPhase;
			buildActionMask = 2147483647;
			files = (
				F7038CF619132E130023ECDE /* SHIV_IOS2014Tests.m in Sources */,
			);
			runOnlyForDeploymentPostprocessing = 0;
		};
/* End PBXSourcesBuildPhase section */

/* Begin PBXTargetDependency section */
		F7038CEE19132E130023ECDE /* PBXTargetDependency */ = {
			isa = PBXTargetDependency;
			target = F7038CBC19132E130023ECDE /* SHIV-IOS2014 */;
			targetProxy = F7038CED19132E130023ECDE /* PBXContainerItemProxy */;
		};
/* End PBXTargetDependency section */

/* Begin PBXVariantGroup section */
		F7038CCB19132E130023ECDE /* InfoPlist.strings */ = {
			isa = PBXVariantGroup;
			children = (
				F7038CCC19132E130023ECDE /* en */,
			);
			name = InfoPlist.strings;
			sourceTree = "<group>";
		};
		F7038CD419132E130023ECDE /* Main_iPhone.storyboard */ = {
			isa = PBXVariantGroup;
			children = (
				F7038CD519132E130023ECDE /* Base */,
			);
			name = Main_iPhone.storyboard;
			sourceTree = "<group>";
		};
		F7038CD719132E130023ECDE /* Main_iPad.storyboard */ = {
			isa = PBXVariantGroup;
			children = (
				F7038CD819132E130023ECDE /* Base */,
			);
			name = Main_iPad.storyboard;
			sourceTree = "<group>";
		};
		F7038CF219132E130023ECDE /* InfoPlist.strings */ = {
			isa = PBXVariantGroup;
			children = (
				F7038CF319132E130023ECDE /* en */,
			);
			name = InfoPlist.strings;
			sourceTree = "<group>";
		};
/* End PBXVariantGroup section */

/* Begin XCBuildConfiguration section */
		F7038CF719132E130023ECDE /* Debug */ = {
			isa = XCBuildConfiguration;
			buildSettings = {
				ALWAYS_SEARCH_USER_PATHS = NO;
				CLANG_CXX_LANGUAGE_STANDARD = "gnu++0x";
				CLANG_CXX_LIBRARY = "libc++";
				CLANG_ENABLE_MODULES = YES;
				CLANG_ENABLE_OBJC_ARC = YES;
				CLANG_WARN_BOOL_CONVERSION = YES;
				CLANG_WARN_CONSTANT_CONVERSION = YES;
				CLANG_WARN_DIRECT_OBJC_ISA_USAGE = YES_ERROR;
				CLANG_WARN_EMPTY_BODY = YES;
				CLANG_WARN_ENUM_CONVERSION = YES;
				CLANG_WARN_INT_CONVERSION = YES;
				CLANG_WARN_OBJC_ROOT_CLASS = YES_ERROR;
				CLANG_WARN__DUPLICATE_METHOD_MATCH = YES;
				"CODE_SIGN_IDENTITY[sdk=iphoneos*]" = "iPhone Developer";
				COPY_PHASE_STRIP = NO;
				GCC_C_LANGUAGE_STANDARD = gnu99;
				GCC_DYNAMIC_NO_PIC = NO;
				GCC_OPTIMIZATION_LEVEL = 0;
				GCC_PREPROCESSOR_DEFINITIONS = (
					"DEBUG=1",
					"$(inherited)",
				);
				GCC_SYMBOLS_PRIVATE_EXTERN = NO;
				GCC_WARN_64_TO_32_BIT_CONVERSION = YES;
				GCC_WARN_ABOUT_RETURN_TYPE = YES_ERROR;
				GCC_WARN_UNDECLARED_SELECTOR = YES;
				GCC_WARN_UNINITIALIZED_AUTOS = YES_AGGRESSIVE;
				GCC_WARN_UNUSED_FUNCTION = YES;
				GCC_WARN_UNUSED_VARIABLE = YES;
				IPHONEOS_DEPLOYMENT_TARGET = 7.1;
				ONLY_ACTIVE_ARCH = YES;
				SDKROOT = iphoneos;
				TARGETED_DEVICE_FAMILY = "1,2";
			};
			name = Debug;
		};
		F7038CF819132E130023ECDE /* Release */ = {
			isa = XCBuildConfiguration;
			buildSettings = {
				ALWAYS_SEARCH_USER_PATHS = NO;
				CLANG_CXX_LANGUAGE_STANDARD = "gnu++0x";
				CLANG_CXX_LIBRARY = "libc++";
				CLANG_ENABLE_MODULES = YES;
				CLANG_ENABLE_OBJC_ARC = YES;
				CLANG_WARN_BOOL_CONVERSION = YES;
				CLANG_WARN_CONSTANT_CONVERSION = YES;
				CLANG_WARN_DIRECT_OBJC_ISA_USAGE = YES_ERROR;
				CLANG_WARN_EMPTY_BODY = YES;
				CLANG_WARN_ENUM_CONVERSION = YES;
				CLANG_WARN_INT_CONVERSION = YES;
				CLANG_WARN_OBJC_ROOT_CLASS = YES_ERROR;
				CLANG_WARN__DUPLICATE_METHOD_MATCH = YES;
				"CODE_SIGN_IDENTITY[sdk=iphoneos*]" = "iPhone Developer";
				COPY_PHASE_STRIP = YES;
				ENABLE_NS_ASSERTIONS = NO;
				GCC_C_LANGUAGE_STANDARD = gnu99;
				GCC_WARN_64_TO_32_BIT_CONVERSION = YES;
				GCC_WARN_ABOUT_RETURN_TYPE = YES_ERROR;
				GCC_WARN_UNDECLARED_SELECTOR = YES;
				GCC_WARN_UNINITIALIZED_AUTOS = YES_AGGRESSIVE;
				GCC_WARN_UNUSED_FUNCTION = YES;
				GCC_WARN_UNUSED_VARIABLE = YES;
				IPHONEOS_DEPLOYMENT_TARGET = 7.1;
				SDKROOT = iphoneos;
				TARGETED_DEVICE_FAMILY = "1,2";
				VALIDATE_PRODUCT = YES;
			};
			name = Release;
		};
		F7038CFA19132E130023ECDE /* Debug */ = {
			isa = XCBuildConfiguration;
			buildSettings = {
				ASSETCATALOG_COMPILER_APPICON_NAME = AppIcon;
				ASSETCATALOG_COMPILER_LAUNCHIMAGE_NAME = LaunchImage;
				GCC_PRECOMPILE_PREFIX_HEADER = YES;
				GCC_PREFIX_HEADER = "SHIV-IOS2014/SHIV-IOS2014-Prefix.pch";
				INFOPLIST_FILE = "SHIV-IOS2014/SHIV-IOS2014-Info.plist";
				PRODUCT_NAME = "$(TARGET_NAME)";
				SPRITEKIT_TEXTURE_ATLAS_OUTPUT = YES;
				WRAPPER_EXTENSION = app;
			};
			name = Debug;
		};
		F7038CFB19132E130023ECDE /* Release */ = {
			isa = XCBuildConfiguration;
			buildSettings = {
				ASSETCATALOG_COMPILER_APPICON_NAME = AppIcon;
				ASSETCATALOG_COMPILER_LAUNCHIMAGE_NAME = LaunchImage;
				GCC_PRECOMPILE_PREFIX_HEADER = YES;
				GCC_PREFIX_HEADER = "SHIV-IOS2014/SHIV-IOS2014-Prefix.pch";
				INFOPLIST_FILE = "SHIV-IOS2014/SHIV-IOS2014-Info.plist";
				PRODUCT_NAME = "$(TARGET_NAME)";
				SPRITEKIT_TEXTURE_ATLAS_OUTPUT = YES;
				WRAPPER_EXTENSION = app;
			};
			name = Release;
		};
		F7038CFD19132E130023ECDE /* Debug */ = {
			isa = XCBuildConfiguration;
			buildSettings = {
				BUNDLE_LOADER = "$(BUILT_PRODUCTS_DIR)/SHIV-IOS2014.app/SHIV-IOS2014";
				FRAMEWORK_SEARCH_PATHS = (
					"$(SDKROOT)/Developer/Library/Frameworks",
					"$(inherited)",
					"$(DEVELOPER_FRAMEWORKS_DIR)",
				);
				GCC_PRECOMPILE_PREFIX_HEADER = YES;
				GCC_PREFIX_HEADER = "SHIV-IOS2014/SHIV-IOS2014-Prefix.pch";
				GCC_PREPROCESSOR_DEFINITIONS = (
					"DEBUG=1",
					"$(inherited)",
				);
				INFOPLIST_FILE = "SHIV-IOS2014Tests/SHIV-IOS2014Tests-Info.plist";
				PRODUCT_NAME = "$(TARGET_NAME)";
				TEST_HOST = "$(BUNDLE_LOADER)";
				WRAPPER_EXTENSION = xctest;
			};
			name = Debug;
		};
		F7038CFE19132E130023ECDE /* Release */ = {
			isa = XCBuildConfiguration;
			buildSettings = {
				BUNDLE_LOADER = "$(BUILT_PRODUCTS_DIR)/SHIV-IOS2014.app/SHIV-IOS2014";
				FRAMEWORK_SEARCH_PATHS = (
					"$(SDKROOT)/Developer/Library/Frameworks",
					"$(inherited)",
					"$(DEVELOPER_FRAMEWORKS_DIR)",
				);
				GCC_PRECOMPILE_PREFIX_HEADER = YES;
				GCC_PREFIX_HEADER = "SHIV-IOS2014/SHIV-IOS2014-Prefix.pch";
				INFOPLIST_FILE = "SHIV-IOS2014Tests/SHIV-IOS2014Tests-Info.plist";
				PRODUCT_NAME = "$(TARGET_NAME)";
				TEST_HOST = "$(BUNDLE_LOADER)";
				WRAPPER_EXTENSION = xctest;
			};
			name = Release;
		};
/* End XCBuildConfiguration section */

/* Begin XCConfigurationList section */
		F7038CB819132E130023ECDE /* Build configuration list for PBXProject "SHIV-IOS2014" */ = {
			isa = XCConfigurationList;
			buildConfigurations = (
				F7038CF719132E130023ECDE /* Debug */,
				F7038CF819132E130023ECDE /* Release */,
			);
			defaultConfigurationIsVisible = 0;
			defaultConfigurationName = Release;
		};
		F7038CF919132E130023ECDE /* Build configuration list for PBXNativeTarget "SHIV-IOS2014" */ = {
			isa = XCConfigurationList;
			buildConfigurations = (
				F7038CFA19132E130023ECDE /* Debug */,
				F7038CFB19132E130023ECDE /* Release */,
			);
			defaultConfigurationIsVisible = 0;
			defaultConfigurationName = Release;
		};
		F7038CFC19132E130023ECDE /* Build configuration list for PBXNativeTarget "SHIV-IOS2014Tests" */ = {
			isa = XCConfigurationList;
			buildConfigurations = (
				F7038CFD19132E130023ECDE /* Debug */,
				F7038CFE19132E130023ECDE /* Release */,
			);
			defaultConfigurationIsVisible = 0;
			defaultConfigurationName = Release;
		};
/* End XCConfigurationList section */
	};
	rootObject = F7038CB519132E130023ECDE /* Project object */;
}
